// !$*UTF8*$!
{
	archiveVersion = 1;
	classes = {
	};
	objectVersion = 48;
	objects = {

/* Begin PBXBuildFile section */
		475BC60E209C336E00E9E924 /* AppDelegate.m in Sources */ = {isa = PBXBuildFile; fileRef = 475BC60D209C336E00E9E924 /* AppDelegate.m */; };
		475BC611209C336E00E9E924 /* ViewController.m in Sources */ = {isa = PBXBuildFile; fileRef = 475BC610209C336E00E9E924 /* ViewController.m */; };
		475BC614209C336E00E9E924 /* Main.storyboard in Resources */ = {isa = PBXBuildFile; fileRef = 475BC612209C336E00E9E924 /* Main.storyboard */; };
		475BC616209C336E00E9E924 /* Assets.xcassets in Resources */ = {isa = PBXBuildFile; fileRef = 475BC615209C336E00E9E924 /* Assets.xcassets */; };
		475BC619209C336E00E9E924 /* LaunchScreen.storyboard in Resources */ = {isa = PBXBuildFile; fileRef = 475BC617209C336E00E9E924 /* LaunchScreen.storyboard */; };
		475BC61C209C336E00E9E924 /* main.m in Sources */ = {isa = PBXBuildFile; fileRef = 475BC61B209C336E00E9E924 /* main.m */; };
		475BC626209C336F00E9E924 /* HCRuntimeTests.m in Sources */ = {isa = PBXBuildFile; fileRef = 475BC625209C336F00E9E924 /* HCRuntimeTests.m */; };
		475BC631209C336F00E9E924 /* HCRuntimeUITests.m in Sources */ = {isa = PBXBuildFile; fileRef = 475BC630209C336F00E9E924 /* HCRuntimeUITests.m */; };
		475BC641209C33C200E9E924 /* UIButton+HCAction.m in Sources */ = {isa = PBXBuildFile; fileRef = 475BC640209C33C200E9E924 /* UIButton+HCAction.m */; };
		47635A2A20B68F76008527A6 /* Animal.m in Sources */ = {isa = PBXBuildFile; fileRef = 47635A2920B68F76008527A6 /* Animal.m */; };
		47635A2D20B68F9F008527A6 /* Person.m in Sources */ = {isa = PBXBuildFile; fileRef = 47635A2C20B68F9F008527A6 /* Person.m */; };
		47635A3020B699E5008527A6 /* Message.m in Sources */ = {isa = PBXBuildFile; fileRef = 47635A2F20B699E5008527A6 /* Message.m */; };
		47635A3320B69FAE008527A6 /* Target.m in Sources */ = {isa = PBXBuildFile; fileRef = 47635A3220B69FAE008527A6 /* Target.m */; };
		47635A3620B6AA59008527A6 /* NSObject+Associate.m in Sources */ = {isa = PBXBuildFile; fileRef = 47635A3520B6AA59008527A6 /* NSObject+Associate.m */; };
/* End PBXBuildFile section */

/* Begin PBXContainerItemProxy section */
		475BC622209C336F00E9E924 /* PBXContainerItemProxy */ = {
			isa = PBXContainerItemProxy;
			containerPortal = 475BC601209C336E00E9E924 /* Project object */;
			proxyType = 1;
			remoteGlobalIDString = 475BC608209C336E00E9E924;
			remoteInfo = HCRuntime;
		};
		475BC62D209C336F00E9E924 /* PBXContainerItemProxy */ = {
			isa = PBXContainerItemProxy;
			containerPortal = 475BC601209C336E00E9E924 /* Project object */;
			proxyType = 1;
			remoteGlobalIDString = 475BC608209C336E00E9E924;
			remoteInfo = HCRuntime;
		};
/* End PBXContainerItemProxy section */

/* Begin PBXFileReference section */
		475BC609209C336E00E9E924 /* HCRuntime.app */ = {isa = PBXFileReference; explicitFileType = wrapper.application; includeInIndex = 0; path = HCRuntime.app; sourceTree = BUILT_PRODUCTS_DIR; };
		475BC60C209C336E00E9E924 /* AppDelegate.h */ = {isa = PBXFileReference; lastKnownFileType = sourcecode.c.h; path = AppDelegate.h; sourceTree = "<group>"; };
		475BC60D209C336E00E9E924 /* AppDelegate.m */ = {isa = PBXFileReference; lastKnownFileType = sourcecode.c.objc; path = AppDelegate.m; sourceTree = "<group>"; };
		475BC60F209C336E00E9E924 /* ViewController.h */ = {isa = PBXFileReference; lastKnownFileType = sourcecode.c.h; path = ViewController.h; sourceTree = "<group>"; };
		475BC610209C336E00E9E924 /* ViewController.m */ = {isa = PBXFileReference; lastKnownFileType = sourcecode.c.objc; path = ViewController.m; sourceTree = "<group>"; };
		475BC613209C336E00E9E924 /* Base */ = {isa = PBXFileReference; lastKnownFileType = file.storyboard; name = Base; path = Base.lproj/Main.storyboard; sourceTree = "<group>"; };
		475BC615209C336E00E9E924 /* Assets.xcassets */ = {isa = PBXFileReference; lastKnownFileType = folder.assetcatalog; path = Assets.xcassets; sourceTree = "<group>"; };
		475BC618209C336E00E9E924 /* Base */ = {isa = PBXFileReference; lastKnownFileType = file.storyboard; name = Base; path = Base.lproj/LaunchScreen.storyboard; sourceTree = "<group>"; };
		475BC61A209C336E00E9E924 /* Info.plist */ = {isa = PBXFileReference; lastKnownFileType = text.plist.xml; path = Info.plist; sourceTree = "<group>"; };
		475BC61B209C336E00E9E924 /* main.m */ = {isa = PBXFileReference; lastKnownFileType = sourcecode.c.objc; path = main.m; sourceTree = "<group>"; };
		475BC621209C336E00E9E924 /* HCRuntimeTests.xctest */ = {isa = PBXFileReference; explicitFileType = wrapper.cfbundle; includeInIndex = 0; path = HCRuntimeTests.xctest; sourceTree = BUILT_PRODUCTS_DIR; };
		475BC625209C336F00E9E924 /* HCRuntimeTests.m */ = {isa = PBXFileReference; lastKnownFileType = sourcecode.c.objc; path = HCRuntimeTests.m; sourceTree = "<group>"; };
		475BC627209C336F00E9E924 /* Info.plist */ = {isa = PBXFileReference; lastKnownFileType = text.plist.xml; path = Info.plist; sourceTree = "<group>"; };
		475BC62C209C336F00E9E924 /* HCRuntimeUITests.xctest */ = {isa = PBXFileReference; explicitFileType = wrapper.cfbundle; includeInIndex = 0; path = HCRuntimeUITests.xctest; sourceTree = BUILT_PRODUCTS_DIR; };
		475BC630209C336F00E9E924 /* HCRuntimeUITests.m */ = {isa = PBXFileReference; lastKnownFileType = sourcecode.c.objc; path = HCRuntimeUITests.m; sourceTree = "<group>"; };
		475BC632209C336F00E9E924 /* Info.plist */ = {isa = PBXFileReference; lastKnownFileType = text.plist.xml; path = Info.plist; sourceTree = "<group>"; };
		475BC63F209C33C200E9E924 /* UIButton+HCAction.h */ = {isa = PBXFileReference; lastKnownFileType = sourcecode.c.h; path = "UIButton+HCAction.h"; sourceTree = "<group>"; };
		475BC640209C33C200E9E924 /* UIButton+HCAction.m */ = {isa = PBXFileReference; lastKnownFileType = sourcecode.c.objc; path = "UIButton+HCAction.m"; sourceTree = "<group>"; };
		47635A2820B68F76008527A6 /* Animal.h */ = {isa = PBXFileReference; lastKnownFileType = sourcecode.c.h; path = Animal.h; sourceTree = "<group>"; };
		47635A2920B68F76008527A6 /* Animal.m */ = {isa = PBXFileReference; lastKnownFileType = sourcecode.c.objc; path = Animal.m; sourceTree = "<group>"; };
		47635A2B20B68F9F008527A6 /* Person.h */ = {isa = PBXFileReference; lastKnownFileType = sourcecode.c.h; path = Person.h; sourceTree = "<group>"; };
		47635A2C20B68F9F008527A6 /* Person.m */ = {isa = PBXFileReference; lastKnownFileType = sourcecode.c.objc; path = Person.m; sourceTree = "<group>"; };
		47635A2E20B699E5008527A6 /* Message.h */ = {isa = PBXFileReference; lastKnownFileType = sourcecode.c.h; path = Message.h; sourceTree = "<group>"; };
		47635A2F20B699E5008527A6 /* Message.m */ = {isa = PBXFileReference; lastKnownFileType = sourcecode.c.objc; path = Message.m; sourceTree = "<group>"; };
		47635A3120B69FAE008527A6 /* Target.h */ = {isa = PBXFileReference; lastKnownFileType = sourcecode.c.h; path = Target.h; sourceTree = "<group>"; };
		47635A3220B69FAE008527A6 /* Target.m */ = {isa = PBXFileReference; lastKnownFileType = sourcecode.c.objc; path = Target.m; sourceTree = "<group>"; };
		47635A3420B6AA59008527A6 /* NSObject+Associate.h */ = {isa = PBXFileReference; lastKnownFileType = sourcecode.c.h; path = "NSObject+Associate.h"; sourceTree = "<group>"; };
		47635A3520B6AA59008527A6 /* NSObject+Associate.m */ = {isa = PBXFileReference; lastKnownFileType = sourcecode.c.objc; path = "NSObject+Associate.m"; sourceTree = "<group>"; };
/* End PBXFileReference section */

/* Begin PBXFrameworksBuildPhase section */
		475BC606209C336E00E9E924 /* Frameworks */ = {
			isa = PBXFrameworksBuildPhase;
			buildActionMask = 2147483647;
			files = (
			);
			runOnlyForDeploymentPostprocessing = 0;
		};
		475BC61E209C336E00E9E924 /* Frameworks */ = {
			isa = PBXFrameworksBuildPhase;
			buildActionMask = 2147483647;
			files = (
			);
			runOnlyForDeploymentPostprocessing = 0;
		};
		475BC629209C336F00E9E924 /* Frameworks */ = {
			isa = PBXFrameworksBuildPhase;
			buildActionMask = 2147483647;
			files = (
			);
			runOnlyForDeploymentPostprocessing = 0;
		};
/* End PBXFrameworksBuildPhase section */

/* Begin PBXGroup section */
		475BC600209C336E00E9E924 = {
			isa = PBXGroup;
			children = (
				475BC60B209C336E00E9E924 /* HCRuntime */,
				475BC624209C336F00E9E924 /* HCRuntimeTests */,
				475BC62F209C336F00E9E924 /* HCRuntimeUITests */,
				475BC60A209C336E00E9E924 /* Products */,
			);
			sourceTree = "<group>";
		};
		475BC60A209C336E00E9E924 /* Products */ = {
			isa = PBXGroup;
			children = (
				475BC609209C336E00E9E924 /* HCRuntime.app */,
				475BC621209C336E00E9E924 /* HCRuntimeTests.xctest */,
				475BC62C209C336F00E9E924 /* HCRuntimeUITests.xctest */,
			);
			name = Products;
			sourceTree = "<group>";
		};
		475BC60B209C336E00E9E924 /* HCRuntime */ = {
			isa = PBXGroup;
			children = (
				47635A2720B68ED1008527A6 /* Model */,
				475BC63E209C339100E9E924 /* Category */,
				475BC60C209C336E00E9E924 /* AppDelegate.h */,
				475BC60D209C336E00E9E924 /* AppDelegate.m */,
				475BC60F209C336E00E9E924 /* ViewController.h */,
				475BC610209C336E00E9E924 /* ViewController.m */,
				475BC612209C336E00E9E924 /* Main.storyboard */,
				475BC615209C336E00E9E924 /* Assets.xcassets */,
				475BC617209C336E00E9E924 /* LaunchScreen.storyboard */,
				475BC61A209C336E00E9E924 /* Info.plist */,
				475BC61B209C336E00E9E924 /* main.m */,
			);
			path = HCRuntime;
			sourceTree = "<group>";
		};
		475BC624209C336F00E9E924 /* HCRuntimeTests */ = {
			isa = PBXGroup;
			children = (
				475BC625209C336F00E9E924 /* HCRuntimeTests.m */,
				475BC627209C336F00E9E924 /* Info.plist */,
			);
			path = HCRuntimeTests;
			sourceTree = "<group>";
		};
		475BC62F209C336F00E9E924 /* HCRuntimeUITests */ = {
			isa = PBXGroup;
			children = (
				475BC630209C336F00E9E924 /* HCRuntimeUITests.m */,
				475BC632209C336F00E9E924 /* Info.plist */,
			);
			path = HCRuntimeUITests;
			sourceTree = "<group>";
		};
		475BC63E209C339100E9E924 /* Category */ = {
			isa = PBXGroup;
			children = (
				475BC63F209C33C200E9E924 /* UIButton+HCAction.h */,
				475BC640209C33C200E9E924 /* UIButton+HCAction.m */,
			);
			path = Category;
			sourceTree = "<group>";
		};
		47635A2720B68ED1008527A6 /* Model */ = {
			isa = PBXGroup;
			children = (
				47635A2820B68F76008527A6 /* Animal.h */,
				47635A2920B68F76008527A6 /* Animal.m */,
				47635A2B20B68F9F008527A6 /* Person.h */,
				47635A2C20B68F9F008527A6 /* Person.m */,
				47635A2E20B699E5008527A6 /* Message.h */,
				47635A2F20B699E5008527A6 /* Message.m */,
				47635A3120B69FAE008527A6 /* Target.h */,
				47635A3220B69FAE008527A6 /* Target.m */,
				47635A3420B6AA59008527A6 /* NSObject+Associate.h */,
				47635A3520B6AA59008527A6 /* NSObject+Associate.m */,
			);
			path = Model;
			sourceTree = "<group>";
		};
/* End PBXGroup section */

/* Begin PBXNativeTarget section */
		475BC608209C336E00E9E924 /* HCRuntime */ = {
			isa = PBXNativeTarget;
			buildConfigurationList = 475BC635209C336F00E9E924 /* Build configuration list for PBXNativeTarget "HCRuntime" */;
			buildPhases = (
				475BC605209C336E00E9E924 /* Sources */,
				475BC606209C336E00E9E924 /* Frameworks */,
				475BC607209C336E00E9E924 /* Resources */,
			);
			buildRules = (
			);
			dependencies = (
			);
			name = HCRuntime;
			productName = HCRuntime;
			productReference = 475BC609209C336E00E9E924 /* HCRuntime.app */;
			productType = "com.apple.product-type.application";
		};
		475BC620209C336E00E9E924 /* HCRuntimeTests */ = {
			isa = PBXNativeTarget;
			buildConfigurationList = 475BC638209C336F00E9E924 /* Build configuration list for PBXNativeTarget "HCRuntimeTests" */;
			buildPhases = (
				475BC61D209C336E00E9E924 /* Sources */,
				475BC61E209C336E00E9E924 /* Frameworks */,
				475BC61F209C336E00E9E924 /* Resources */,
			);
			buildRules = (
			);
			dependencies = (
				475BC623209C336F00E9E924 /* PBXTargetDependency */,
			);
			name = HCRuntimeTests;
			productName = HCRuntimeTests;
			productReference = 475BC621209C336E00E9E924 /* HCRuntimeTests.xctest */;
			productType = "com.apple.product-type.bundle.unit-test";
		};
		475BC62B209C336F00E9E924 /* HCRuntimeUITests */ = {
			isa = PBXNativeTarget;
			buildConfigurationList = 475BC63B209C336F00E9E924 /* Build configuration list for PBXNativeTarget "HCRuntimeUITests" */;
			buildPhases = (
				475BC628209C336F00E9E924 /* Sources */,
				475BC629209C336F00E9E924 /* Frameworks */,
				475BC62A209C336F00E9E924 /* Resources */,
			);
			buildRules = (
			);
			dependencies = (
				475BC62E209C336F00E9E924 /* PBXTargetDependency */,
			);
			name = HCRuntimeUITests;
			productName = HCRuntimeUITests;
			productReference = 475BC62C209C336F00E9E924 /* HCRuntimeUITests.xctest */;
			productType = "com.apple.product-type.bundle.ui-testing";
		};
/* End PBXNativeTarget section */

/* Begin PBXProject section */
		475BC601209C336E00E9E924 /* Project object */ = {
			isa = PBXProject;
			attributes = {
				LastUpgradeCheck = 0920;
				ORGANIZATIONNAME = ios;
				TargetAttributes = {
					475BC608209C336E00E9E924 = {
						CreatedOnToolsVersion = 9.2;
						ProvisioningStyle = Automatic;
					};
					475BC620209C336E00E9E924 = {
						CreatedOnToolsVersion = 9.2;
						ProvisioningStyle = Automatic;
						TestTargetID = 475BC608209C336E00E9E924;
					};
					475BC62B209C336F00E9E924 = {
						CreatedOnToolsVersion = 9.2;
						ProvisioningStyle = Automatic;
						TestTargetID = 475BC608209C336E00E9E924;
					};
				};
			};
			buildConfigurationList = 475BC604209C336E00E9E924 /* Build configuration list for PBXProject "HCRuntime" */;
			compatibilityVersion = "Xcode 8.0";
			developmentRegion = en;
			hasScannedForEncodings = 0;
			knownRegions = (
				en,
				Base,
			);
			mainGroup = 475BC600209C336E00E9E924;
			productRefGroup = 475BC60A209C336E00E9E924 /* Products */;
			projectDirPath = "";
			projectRoot = "";
			targets = (
				475BC608209C336E00E9E924 /* HCRuntime */,
				475BC620209C336E00E9E924 /* HCRuntimeTests */,
				475BC62B209C336F00E9E924 /* HCRuntimeUITests */,
			);
		};
/* End PBXProject section */

/* Begin PBXResourcesBuildPhase section */
		475BC607209C336E00E9E924 /* Resources */ = {
			isa = PBXResourcesBuildPhase;
			buildActionMask = 2147483647;
			files = (
				475BC619209C336E00E9E924 /* LaunchScreen.storyboard in Resources */,
				475BC616209C336E00E9E924 /* Assets.xcassets in Resources */,
				475BC614209C336E00E9E924 /* Main.storyboard in Resources */,
			);
			runOnlyForDeploymentPostprocessing = 0;
		};
		475BC61F209C336E00E9E924 /* Resources */ = {
			isa = PBXResourcesBuildPhase;
			buildActionMask = 2147483647;
			files = (
			);
			runOnlyForDeploymentPostprocessing = 0;
		};
		475BC62A209C336F00E9E924 /* Resources */ = {
			isa = PBXResourcesBuildPhase;
			buildActionMask = 2147483647;
			files = (
			);
			runOnlyForDeploymentPostprocessing = 0;
		};
/* End PBXResourcesBuildPhase section */

/* Begin PBXSourcesBuildPhase section */
		475BC605209C336E00E9E924 /* Sources */ = {
			isa = PBXSourcesBuildPhase;
			buildActionMask = 2147483647;
			files = (
				47635A2D20B68F9F008527A6 /* Person.m in Sources */,
				475BC641209C33C200E9E924 /* UIButton+HCAction.m in Sources */,
				47635A3320B69FAE008527A6 /* Target.m in Sources */,
				47635A3620B6AA59008527A6 /* NSObject+Associate.m in Sources */,
				475BC611209C336E00E9E924 /* ViewController.m in Sources */,
				47635A3020B699E5008527A6 /* Message.m in Sources */,
				47635A2A20B68F76008527A6 /* Animal.m in Sources */,
				475BC61C209C336E00E9E924 /* main.m in Sources */,
				475BC60E209C336E00E9E924 /* AppDelegate.m in Sources */,
			);
			runOnlyForDeploymentPostprocessing = 0;
		};
		475BC61D209C336E00E9E924 /* Sources */ = {
			isa = PBXSourcesBuildPhase;
			buildActionMask = 2147483647;
			files = (
				475BC626209C336F00E9E924 /* HCRuntimeTests.m in Sources */,
			);
			runOnlyForDeploymentPostprocessing = 0;
		};
		475BC628209C336F00E9E924 /* Sources */ = {
			isa = PBXSourcesBuildPhase;
			buildActionMask = 2147483647;
			files = (
				475BC631209C336F00E9E924 /* HCRuntimeUITests.m in Sources */,
			);
			runOnlyForDeploymentPostprocessing = 0;
		};
/* End PBXSourcesBuildPhase section */

/* Begin PBXTargetDependency section */
		475BC623209C336F00E9E924 /* PBXTargetDependency */ = {
			isa = PBXTargetDependency;
			target = 475BC608209C336E00E9E924 /* HCRuntime */;
			targetProxy = 475BC622209C336F00E9E924 /* PBXContainerItemProxy */;
		};
		475BC62E209C336F00E9E924 /* PBXTargetDependency */ = {
			isa = PBXTargetDependency;
			target = 475BC608209C336E00E9E924 /* HCRuntime */;
			targetProxy = 475BC62D209C336F00E9E924 /* PBXContainerItemProxy */;
		};
/* End PBXTargetDependency section */

/* Begin PBXVariantGroup section */
		475BC612209C336E00E9E924 /* Main.storyboard */ = {
			isa = PBXVariantGroup;
			children = (
				475BC613209C336E00E9E924 /* Base */,
			);
			name = Main.storyboard;
			sourceTree = "<group>";
		};
		475BC617209C336E00E9E924 /* LaunchScreen.storyboard */ = {
			isa = PBXVariantGroup;
			children = (
				475BC618209C336E00E9E924 /* Base */,
			);
			name = LaunchScreen.storyboard;
			sourceTree = "<group>";
		};
/* End PBXVariantGroup section */

/* Begin XCBuildConfiguration section */
		475BC633209C336F00E9E924 /* Debug */ = {
			isa = XCBuildConfiguration;
			buildSettings = {
				ALWAYS_SEARCH_USER_PATHS = NO;
				CLANG_ANALYZER_NONNULL = YES;
				CLANG_ANALYZER_NUMBER_OBJECT_CONVERSION = YES_AGGRESSIVE;
				CLANG_CXX_LANGUAGE_STANDARD = "gnu++14";
				CLANG_CXX_LIBRARY = "libc++";
				CLANG_ENABLE_MODULES = YES;
				CLANG_ENABLE_OBJC_ARC = YES;
				CLANG_WARN_BLOCK_CAPTURE_AUTORELEASING = YES;
				CLANG_WARN_BOOL_CONVERSION = YES;
				CLANG_WARN_COMMA = YES;
				CLANG_WARN_CONSTANT_CONVERSION = YES;
				CLANG_WARN_DIRECT_OBJC_ISA_USAGE = YES_ERROR;
				CLANG_WARN_DOCUMENTATION_COMMENTS = YES;
				CLANG_WARN_EMPTY_BODY = YES;
				CLANG_WARN_ENUM_CONVERSION = YES;
				CLANG_WARN_INFINITE_RECURSION = YES;
				CLANG_WARN_INT_CONVERSION = YES;
				CLANG_WARN_NON_LITERAL_NULL_CONVERSION = YES;
				CLANG_WARN_OBJC_LITERAL_CONVERSION = YES;
				CLANG_WARN_OBJC_ROOT_CLASS = YES_ERROR;
				CLANG_WARN_RANGE_LOOP_ANALYSIS = YES;
				CLANG_WARN_STRICT_PROTOTYPES = YES;
				CLANG_WARN_SUSPICIOUS_MOVE = YES;
				CLANG_WARN_UNGUARDED_AVAILABILITY = YES_AGGRESSIVE;
				CLANG_WARN_UNREACHABLE_CODE = YES;
				CLANG_WARN__DUPLICATE_METHOD_MATCH = YES;
				CODE_SIGN_IDENTITY = "iPhone Developer";
				COPY_PHASE_STRIP = NO;
				DEBUG_INFORMATION_FORMAT = dwarf;
				ENABLE_STRICT_OBJC_MSGSEND = YES;
				ENABLE_TESTABILITY = YES;
				GCC_C_LANGUAGE_STANDARD = gnu11;
				GCC_DYNAMIC_NO_PIC = NO;
				GCC_NO_COMMON_BLOCKS = YES;
				GCC_OPTIMIZATION_LEVEL = 0;
				GCC_PREPROCESSOR_DEFINITIONS = (
					"DEBUG=1",
					"$(inherited)",
				);
				GCC_WARN_64_TO_32_BIT_CONVERSION = YES;
				GCC_WARN_ABOUT_RETURN_TYPE = YES_ERROR;
				GCC_WARN_UNDECLARED_SELECTOR = YES;
				GCC_WARN_UNINITIALIZED_AUTOS = YES_AGGRESSIVE;
				GCC_WARN_UNUSED_FUNCTION = YES;
				GCC_WARN_UNUSED_VARIABLE = YES;
				IPHONEOS_DEPLOYMENT_TARGET = 11.2;
				MTL_ENABLE_DEBUG_INFO = YES;
				ONLY_ACTIVE_ARCH = YES;
				SDKROOT = iphoneos;
			};
			name = Debug;
		};
		475BC634209C336F00E9E924 /* Release */ = {
			isa = XCBuildConfiguration;
			buildSettings = {
				ALWAYS_SEARCH_USER_PATHS = NO;
				CLANG_ANALYZER_NONNULL = YES;
				CLANG_ANALYZER_NUMBER_OBJECT_CONVERSION = YES_AGGRESSIVE;
				CLANG_CXX_LANGUAGE_STANDARD = "gnu++14";
				CLANG_CXX_LIBRARY = "libc++";
				CLANG_ENABLE_MODULES = YES;
				CLANG_ENABLE_OBJC_ARC = YES;
				CLANG_WARN_BLOCK_CAPTURE_AUTORELEASING = YES;
				CLANG_WARN_BOOL_CONVERSION = YES;
				CLANG_WARN_COMMA = YES;
				CLANG_WARN_CONSTANT_CONVERSION = YES;
				CLANG_WARN_DIRECT_OBJC_ISA_USAGE = YES_ERROR;
				CLANG_WARN_DOCUMENTATION_COMMENTS = YES;
				CLANG_WARN_EMPTY_BODY = YES;
				CLANG_WARN_ENUM_CONVERSION = YES;
				CLANG_WARN_INFINITE_RECURSION = YES;
				CLANG_WARN_INT_CONVERSION = YES;
				CLANG_WARN_NON_LITERAL_NULL_CONVERSION = YES;
				CLANG_WARN_OBJC_LITERAL_CONVERSION = YES;
				CLANG_WARN_OBJC_ROOT_CLASS = YES_ERROR;
				CLANG_WARN_RANGE_LOOP_ANALYSIS = YES;
				CLANG_WARN_STRICT_PROTOTYPES = YES;
				CLANG_WARN_SUSPICIOUS_MOVE = YES;
				CLANG_WARN_UNGUARDED_AVAILABILITY = YES_AGGRESSIVE;
				CLANG_WARN_UNREACHABLE_CODE = YES;
				CLANG_WARN__DUPLICATE_METHOD_MATCH = YES;
				CODE_SIGN_IDENTITY = "iPhone Developer";
				COPY_PHASE_STRIP = NO;
				DEBUG_INFORMATION_FORMAT = "dwarf-with-dsym";
				ENABLE_NS_ASSERTIONS = NO;
				ENABLE_STRICT_OBJC_MSGSEND = YES;
				GCC_C_LANGUAGE_STANDARD = gnu11;
				GCC_NO_COMMON_BLOCKS = YES;
				GCC_WARN_64_TO_32_BIT_CONVERSION = YES;
				GCC_WARN_ABOUT_RETURN_TYPE = YES_ERROR;
				GCC_WARN_UNDECLARED_SELECTOR = YES;
				GCC_WARN_UNINITIALIZED_AUTOS = YES_AGGRESSIVE;
				GCC_WARN_UNUSED_FUNCTION = YES;
				GCC_WARN_UNUSED_VARIABLE = YES;
				IPHONEOS_DEPLOYMENT_TARGET = 11.2;
				MTL_ENABLE_DEBUG_INFO = NO;
				SDKROOT = iphoneos;
				VALIDATE_PRODUCT = YES;
			};
			name = Release;
		};
		475BC636209C336F00E9E924 /* Debug */ = {
			isa = XCBuildConfiguration;
			buildSettings = {
				ASSETCATALOG_COMPILER_APPICON_NAME = AppIcon;
				CODE_SIGN_STYLE = Automatic;
				DEVELOPMENT_TEAM = 94CU8GHULH;
				INFOPLIST_FILE = HCRuntime/Info.plist;
				LD_RUNPATH_SEARCH_PATHS = "$(inherited) @executable_path/Frameworks";
				PRODUCT_BUNDLE_IDENTIFIER = abc.HCRuntime;
				PRODUCT_NAME = "$(TARGET_NAME)";
				TARGETED_DEVICE_FAMILY = "1,2";
			};
			name = Debug;
		};
		475BC637209C336F00E9E924 /* Release */ = {
			isa = XCBuildConfiguration;
			buildSettings = {
				ASSETCATALOG_COMPILER_APPICON_NAME = AppIcon;
				CODE_SIGN_STYLE = Automatic;
				DEVELOPMENT_TEAM = 94CU8GHULH;
				INFOPLIST_FILE = HCRuntime/Info.plist;
				LD_RUNPATH_SEARCH_PATHS = "$(inherited) @executable_path/Frameworks";
				PRODUCT_BUNDLE_IDENTIFIER = abc.HCRuntime;
				PRODUCT_NAME = "$(TARGET_NAME)";
				TARGETED_DEVICE_FAMILY = "1,2";
			};
			name = Release;
		};
		475BC639209C336F00E9E924 /* Debug */ = {
			isa = XCBuildConfiguration;
			buildSettings = {
				BUNDLE_LOADER = "$(TEST_HOST)";
				CODE_SIGN_STYLE = Automatic;
				DEVELOPMENT_TEAM = 94CU8GHULH;
				INFOPLIST_FILE = HCRuntimeTests/Info.plist;
				LD_RUNPATH_SEARCH_PATHS = "$(inherited) @executable_path/Frameworks @loader_path/Frameworks";
				PRODUCT_BUNDLE_IDENTIFIER = abc.HCRuntimeTests;
				PRODUCT_NAME = "$(TARGET_NAME)";
				TARGETED_DEVICE_FAMILY = "1,2";
				TEST_HOST = "$(BUILT_PRODUCTS_DIR)/HCRuntime.app/HCRuntime";
			};
			name = Debug;
		};
		475BC63A209C336F00E9E924 /* Release */ = {
			isa = XCBuildConfiguration;
			buildSettings = {
				BUNDLE_LOADER = "$(TEST_HOST)";
				CODE_SIGN_STYLE = Automatic;
				DEVELOPMENT_TEAM = 94CU8GHULH;
				INFOPLIST_FILE = HCRuntimeTests/Info.plist;
				LD_RUNPATH_SEARCH_PATHS = "$(inherited) @executable_path/Frameworks @loader_path/Frameworks";
				PRODUCT_BUNDLE_IDENTIFIER = abc.HCRuntimeTests;
				PRODUCT_NAME = "$(TARGET_NAME)";
				TARGETED_DEVICE_FAMILY = "1,2";
				TEST_HOST = "$(BUILT_PRODUCTS_DIR)/HCRuntime.app/HCRuntime";
			};
			name = Release;
		};
		475BC63C209C336F00E9E924 /* Debug */ = {
			isa = XCBuildConfiguration;
			buildSettings = {
				CODE_SIGN_STYLE = Automatic;
				DEVELOPMENT_TEAM = 94CU8GHULH;
				INFOPLIST_FILE = HCRuntimeUITests/Info.plist;
				LD_RUNPATH_SEARCH_PATHS = "$(inherited) @executable_path/Frameworks @loader_path/Frameworks";
				PRODUCT_BUNDLE_IDENTIFIER = abc.HCRuntimeUITests;
				PRODUCT_NAME = "$(TARGET_NAME)";
				TARGETED_DEVICE_FAMILY = "1,2";
				TEST_TARGET_NAME = HCRuntime;
			};
			name = Debug;
		};
		475BC63D209C336F00E9E924 /* Release */ = {
			isa = XCBuildConfiguration;
			buildSettings = {
				CODE_SIGN_STYLE = Automatic;
				DEVELOPMENT_TEAM = 94CU8GHULH;
				INFOPLIST_FILE = HCRuntimeUITests/Info.plist;
				LD_RUNPATH_SEARCH_PATHS = "$(inherited) @executable_path/Frameworks @loader_path/Frameworks";
				PRODUCT_BUNDLE_IDENTIFIER = abc.HCRuntimeUITests;
				PRODUCT_NAME = "$(TARGET_NAME)";
				TARGETED_DEVICE_FAMILY = "1,2";
				TEST_TARGET_NAME = HCRuntime;
			};
			name = Release;
		};
/* End XCBuildConfiguration section */

/* Begin XCConfigurationList section */
		475BC604209C336E00E9E924 /* Build configuration list for PBXProject "HCRuntime" */ = {
			isa = XCConfigurationList;
			buildConfigurations = (
				475BC633209C336F00E9E924 /* Debug */,
				475BC634209C336F00E9E924 /* Release */,
			);
			defaultConfigurationIsVisible = 0;
			defaultConfigurationName = Release;
		};
		475BC635209C336F00E9E924 /* Build configuration list for PBXNativeTarget "HCRuntime" */ = {
			isa = XCConfigurationList;
			buildConfigurations = (
				475BC636209C336F00E9E924 /* Debug */,
				475BC637209C336F00E9E924 /* Release */,
			);
			defaultConfigurationIsVisible = 0;
			defaultConfigurationName = Release;
		};
		475BC638209C336F00E9E924 /* Build configuration list for PBXNativeTarget "HCRuntimeTests" */ = {
			isa = XCConfigurationList;
			buildConfigurations = (
				475BC639209C336F00E9E924 /* Debug */,
				475BC63A209C336F00E9E924 /* Release */,
			);
			defaultConfigurationIsVisible = 0;
			defaultConfigurationName = Release;
		};
		475BC63B209C336F00E9E924 /* Build configuration list for PBXNativeTarget "HCRuntimeUITests" */ = {
			isa = XCConfigurationList;
			buildConfigurations = (
				475BC63C209C336F00E9E924 /* Debug */,
				475BC63D209C336F00E9E924 /* Release */,
			);
			defaultConfigurationIsVisible = 0;
			defaultConfigurationName = Release;
		};
/* End XCConfigurationList section */
	};
	rootObject = 475BC601209C336E00E9E924 /* Project object */;
}
